
Microsoft Visual Studio Solution File, Format Version 12.00
# Visual Studio Version 16
VisualStudioVersion = 16.0.29306.81
MinimumVisualStudioVersion = 10.0.40219.1
Project("{FAE04EC0-301F-11D3-BF4B-00C04F79EFBC}") = "nature_simatulator2", "nature_simatulator2\nature_simatulator2.csproj", "{4C0BB85E-3FA2-4286-8561-6CF27F7A3785}"
EndProject
Global
	GlobalSection(SolutionConfigurationPlatforms) = preSolution
		Debug|Any CPU = Debug|Any CPU
		Release|Any CPU = Release|Any CPU
	EndGlobalSection
	GlobalSection(ProjectConfigurationPlatforms) = postSolution
		{4C0BB85E-3FA2-4286-8561-6CF27F7A3785}.Debug|Any CPU.ActiveCfg = Debug|Any CPU
		{4C0BB85E-3FA2-4286-8561-6CF27F7A3785}.Debug|Any CPU.Build.0 = Debug|Any CPU
		{4C0BB85E-3FA2-4286-8561-6CF27F7A3785}.Release|Any CPU.ActiveCfg = Release|Any CPU
		{4C0BB85E-3FA2-4286-8561-6CF27F7A3785}.Release|Any CPU.Build.0 = Release|Any CPU
	EndGlobalSection
	GlobalSection(SolutionProperties) = preSolution
		HideSolutionNode = FALSE
	EndGlobalSection
	GlobalSection(ExtensibilityGlobals) = postSolution
		SolutionGuid = {A14F9FB7-4FD2-4516-9B7B-270AD9C83040}
	EndGlobalSection
EndGlobal
